[[package]]
name = "annotated-types"
version = "0.7.0"
description = "Reusable constraint types to use with typing.Annotated"
category = "dev"
optional = false
python-versions = ">=3.8"

[[package]]
name = "anyio"
version = "4.4.0"
description = "High level compatibility layer for multiple asynchronous event loop implementations"
category = "dev"
optional = false
python-versions = ">=3.8"

[package.dependencies]
exceptiongroup = {version = ">=1.0.2", markers = "python_version < \"3.11\""}
idna = ">=2.8"
sniffio = ">=1.1"
typing-extensions = {version = ">=4.1", markers = "python_version < \"3.11\""}

[package.extras]
doc = ["packaging", "Sphinx (>=7)", "sphinx-rtd-theme", "sphinx-autodoc-typehints (>=1.2.0)"]
test = ["anyio", "coverage[toml] (>=7)", "exceptiongroup (>=1.2.0)", "hypothesis (>=4.0)", "psutil (>=5.9)", "pytest (>=7.0)", "pytest-mock (>=3.6.1)", "trustme", "uvloop (>=0.17)"]
trio = ["trio (>=0.23)"]

[[package]]
name = "asgiref"
version = "3.8.1"
description = "ASGI specs, helper code, and adapters"
category = "main"
optional = false
python-versions = ">=3.8"

[package.dependencies]
typing-extensions = {version = ">=4", markers = "python_version < \"3.11\""}

[package.extras]
tests = ["pytest", "pytest-asyncio", "mypy (>=0.800)"]

[[package]]
name = "certifi"
version = "2024.6.2"
description = "Python package for providing Mozilla's CA Bundle."
category = "main"
optional = false
python-versions = ">=3.6"

[[package]]
name = "charset-normalizer"
version = "3.3.2"
description = "The Real First Universal Charset Detector. Open, modern and actively maintained alternative to Chardet."
category = "main"
optional = false
python-versions = ">=3.7.0"

[[package]]
name = "click"
version = "8.1.7"
description = "Composable command line interface toolkit"
category = "dev"
optional = false
python-versions = ">=3.7"

[package.dependencies]
colorama = {version = "*", markers = "platform_system == \"Windows\""}

[[package]]
name = "colorama"
version = "0.4.6"
description = "Cross-platform colored terminal text."
category = "dev"
optional = false
python-versions = "!=3.0.*,!=3.1.*,!=3.2.*,!=3.3.*,!=3.4.*,!=3.5.*,!=3.6.*,>=2.7"

[[package]]
name = "deprecated"
version = "1.2.14"
description = "Python @deprecated decorator to deprecate old python classes, functions or methods."
category = "main"
optional = false
python-versions = ">=2.7, !=3.0.*, !=3.1.*, !=3.2.*, !=3.3.*"

[package.dependencies]
wrapt = ">=1.10,<2"

[package.extras]
dev = ["tox", "pytest", "pytest-cov", "bump2version (<1)", "sphinx (<2)"]

[[package]]
name = "dnspython"
version = "2.6.1"
description = "DNS toolkit"
category = "dev"
optional = false
python-versions = ">=3.8"

[package.extras]
dev = ["black (>=23.1.0)", "coverage (>=7.0)", "flake8 (>=7)", "mypy (>=1.8)", "pylint (>=3)", "pytest-cov (>=4.1.0)", "pytest (>=7.4)", "sphinx (>=7.2.0)", "twine (>=4.0.0)", "wheel (>=0.42.0)"]
dnssec = ["cryptography (>=41)"]
doh = ["h2 (>=4.1.0)", "httpcore (>=1.0.0)", "httpx (>=0.26.0)"]
doq = ["aioquic (>=0.9.25)"]
idna = ["idna (>=3.6)"]
trio = ["trio (>=0.23)"]
wmi = ["wmi (>=1.5.1)"]

[[package]]
name = "email-validator"
version = "2.1.1"
description = "A robust email address syntax and deliverability validation library."
category = "dev"
optional = false
python-versions = ">=3.8"

[package.dependencies]
dnspython = ">=2.0.0"
idna = ">=2.0.0"

[[package]]
name = "exceptiongroup"
version = "1.2.1"
description = "Backport of PEP 654 (exception groups)"
category = "dev"
optional = false
python-versions = ">=3.7"

[package.extras]
test = ["pytest (>=6)"]

[[package]]
name = "fastapi"
version = "0.111.0"
description = "FastAPI framework, high performance, easy to learn, fast to code, ready for production"
category = "dev"
optional = false
python-versions = ">=3.8"

[package.dependencies]
email_validator = ">=2.0.0"
fastapi-cli = ">=0.0.2"
httpx = ">=0.23.0"
jinja2 = ">=2.11.2"
orjson = ">=3.2.1"
pydantic = ">=1.7.4,<1.8 || >1.8,<1.8.1 || >1.8.1,<2.0.0 || >2.0.0,<2.0.1 || >2.0.1,<2.1.0 || >2.1.0,<3.0.0"
python-multipart = ">=0.0.7"
starlette = ">=0.37.2,<0.38.0"
typing-extensions = ">=4.8.0"
ujson = ">=4.0.1,<4.0.2 || >4.0.2,<4.1.0 || >4.1.0,<4.2.0 || >4.2.0,<4.3.0 || >4.3.0,<5.0.0 || >5.0.0,<5.1.0 || >5.1.0"
uvicorn = {version = ">=0.12.0", extras = ["standard"]}

[package.extras]
all = ["httpx (>=0.23.0)", "jinja2 (>=2.11.2)", "python-multipart (>=0.0.7)", "itsdangerous (>=1.1.0)", "pyyaml (>=5.3.1)", "ujson (>=4.0.1,!=4.0.2,!=4.1.0,!=4.2.0,!=4.3.0,!=5.0.0,!=5.1.0)", "orjson (>=3.2.1)", "email_validator (>=2.0.0)", "uvicorn[standard] (>=0.12.0)", "pydantic-settings (>=2.0.0)", "pydantic-extra-types (>=2.0.0)"]

[[package]]
name = "fastapi-cli"
version = "0.0.4"
description = "Run and manage FastAPI apps from the command line with FastAPI CLI. 🚀"
category = "dev"
optional = false
python-versions = ">=3.8"

[package.dependencies]
typer = ">=0.12.3"

[package.extras]
standard = ["fastapi", "uvicorn[standard] (>=0.15.0)"]

[[package]]
name = "googleapis-common-protos"
version = "1.63.1"
description = "Common protobufs used in Google APIs"
category = "main"
optional = false
python-versions = ">=3.7"

[package.dependencies]
protobuf = ">=3.19.5,<3.20.0 || >3.20.0,<3.20.1 || >3.20.1,<4.21.1 || >4.21.1,<4.21.2 || >4.21.2,<4.21.3 || >4.21.3,<4.21.4 || >4.21.4,<4.21.5 || >4.21.5,<6.0.0.dev0"

[package.extras]
grpc = ["grpcio (>=1.44.0,<2.0.0.dev0)"]

[[package]]
name = "greenlet"
version = "3.0.3"
description = "Lightweight in-process concurrent programming"
category = "main"
optional = false
python-versions = ">=3.7"

[package.extras]
docs = ["sphinx", "furo"]
test = ["objgraph", "psutil"]

[[package]]
name = "grpcio"
version = "1.64.1"
description = "HTTP/2-based RPC framework"
category = "main"
optional = false
python-versions = ">=3.8"

[package.extras]
protobuf = ["grpcio-tools (>=1.64.1)"]

[[package]]
name = "h11"
version = "0.14.0"
description = "A pure-Python, bring-your-own-I/O implementation of HTTP/1.1"
category = "dev"
optional = false
python-versions = ">=3.7"

[[package]]
name = "httpcore"
version = "1.0.5"
description = "A minimal low-level HTTP client."
category = "dev"
optional = false
python-versions = ">=3.8"

[package.dependencies]
certifi = "*"
h11 = ">=0.13,<0.15"

[package.extras]
asyncio = ["anyio (>=4.0,<5.0)"]
http2 = ["h2 (>=3,<5)"]
socks = ["socksio (>=1.0.0,<2.0.0)"]
trio = ["trio (>=0.22.0,<0.26.0)"]

[[package]]
name = "httptools"
version = "0.6.1"
description = "A collection of framework independent HTTP protocol utils."
category = "dev"
optional = false
python-versions = ">=3.8.0"

[package.extras]
test = ["Cython (>=0.29.24,<0.30.0)"]

[[package]]
name = "httpx"
version = "0.27.0"
description = "The next generation HTTP client."
category = "dev"
optional = false
python-versions = ">=3.8"

[package.dependencies]
anyio = "*"
certifi = "*"
httpcore = ">=1.0.0,<2.0.0"
idna = "*"
sniffio = "*"

[package.extras]
brotli = ["brotli", "brotlicffi"]
cli = ["click (>=8.0.0,<9.0.0)", "pygments (>=2.0.0,<3.0.0)", "rich (>=10,<14)"]
http2 = ["h2 (>=3,<5)"]
socks = ["socksio (>=1.0.0,<2.0.0)"]

[[package]]
name = "idna"
version = "3.7"
description = "Internationalized Domain Names in Applications (IDNA)"
category = "main"
optional = false
python-versions = ">=3.5"

[[package]]
name = "importlib-metadata"
version = "7.1.0"
description = "Read metadata from Python packages"
category = "main"
optional = false
python-versions = ">=3.8"

[package.dependencies]
zipp = ">=0.5"

[package.extras]
docs = ["sphinx (>=3.5)", "jaraco.packaging (>=9.3)", "rst.linker (>=1.9)", "furo", "sphinx-lint", "jaraco.tidelift (>=1.4)"]
perf = ["ipython"]
testing = ["pytest (>=6)", "pytest-checkdocs (>=2.4)", "pytest-cov", "pytest-enabler (>=2.2)", "pytest-ruff (>=0.2.1)", "packaging", "pyfakefs", "flufl.flake8", "pytest-perf (>=0.9.2)", "jaraco.test (>=5.4)", "pytest-mypy", "importlib-resources (>=1.3)"]

[[package]]
name = "jinja2"
version = "3.1.4"
description = "A very fast and expressive template engine."
category = "dev"
optional = false
python-versions = ">=3.7"

[package.dependencies]
MarkupSafe = ">=2.0"

[package.extras]
i18n = ["Babel (>=2.7)"]

[[package]]
name = "markdown-it-py"
version = "3.0.0"
description = "Python port of markdown-it. Markdown parsing, done right!"
category = "dev"
optional = false
python-versions = ">=3.8"

[package.dependencies]
mdurl = ">=0.1,<1.0"

[package.extras]
benchmarking = ["psutil", "pytest", "pytest-benchmark"]
code_style = ["pre-commit (>=3.0,<4.0)"]
compare = ["commonmark (>=0.9,<1.0)", "markdown (>=3.4,<4.0)", "mistletoe (>=1.0,<2.0)", "mistune (>=2.0,<3.0)", "panflute (>=2.3,<3.0)"]
linkify = ["linkify-it-py (>=1,<3)"]
plugins = ["mdit-py-plugins"]
profiling = ["gprof2dot"]
rtd = ["mdit-py-plugins", "myst-parser", "pyyaml", "sphinx", "sphinx-copybutton", "sphinx-design", "sphinx-book-theme", "jupyter-sphinx"]
testing = ["coverage", "pytest", "pytest-cov", "pytest-regressions"]

[[package]]
name = "markupsafe"
version = "2.1.5"
description = "Safely add untrusted strings to HTML/XML markup."
category = "dev"
optional = false
python-versions = ">=3.7"

[[package]]
name = "mdurl"
version = "0.1.2"
description = "Markdown URL utilities"
category = "dev"
optional = false
python-versions = ">=3.7"

[[package]]
name = "opentelemetry-api"
version = "1.25.0"
description = "OpenTelemetry Python API"
category = "main"
optional = false
python-versions = ">=3.8"

[package.dependencies]
deprecated = ">=1.2.6"
importlib-metadata = ">=6.0,<=7.1"

[[package]]
name = "opentelemetry-exporter-otlp"
version = "1.25.0"
description = "OpenTelemetry Collector Exporters"
category = "main"
optional = false
python-versions = ">=3.8"

[package.dependencies]
opentelemetry-exporter-otlp-proto-grpc = "1.25.0"
opentelemetry-exporter-otlp-proto-http = "1.25.0"

[[package]]
name = "opentelemetry-exporter-otlp-proto-common"
version = "1.25.0"
description = "OpenTelemetry Protobuf encoding"
category = "main"
optional = false
python-versions = ">=3.8"

[package.dependencies]
opentelemetry-proto = "1.25.0"

[[package]]
name = "opentelemetry-exporter-otlp-proto-grpc"
version = "1.25.0"
description = "OpenTelemetry Collector Protobuf over gRPC Exporter"
category = "main"
optional = false
python-versions = ">=3.8"

[package.dependencies]
deprecated = ">=1.2.6"
googleapis-common-protos = ">=1.52,<2.0"
grpcio = ">=1.0.0,<2.0.0"
opentelemetry-api = ">=1.15,<2.0"
opentelemetry-exporter-otlp-proto-common = "1.25.0"
opentelemetry-proto = "1.25.0"
opentelemetry-sdk = ">=1.25.0,<1.26.0"

[[package]]
name = "opentelemetry-exporter-otlp-proto-http"
version = "1.25.0"
description = "OpenTelemetry Collector Protobuf over HTTP Exporter"
category = "main"
optional = false
python-versions = ">=3.8"

[package.dependencies]
deprecated = ">=1.2.6"
googleapis-common-protos = ">=1.52,<2.0"
opentelemetry-api = ">=1.15,<2.0"
opentelemetry-exporter-otlp-proto-common = "1.25.0"
opentelemetry-proto = "1.25.0"
opentelemetry-sdk = ">=1.25.0,<1.26.0"
requests = ">=2.7,<3.0"

[[package]]
name = "opentelemetry-instrumentation"
version = "0.46b0"
description = "Instrumentation Tools & Auto Instrumentation for OpenTelemetry Python"
category = "main"
optional = false
python-versions = ">=3.8"

[package.dependencies]
opentelemetry-api = ">=1.4,<2.0"
wrapt = ">=1.0.0,<2.0.0"

[[package]]
name = "opentelemetry-instrumentation-asgi"
version = "0.46b0"
description = "ASGI instrumentation for OpenTelemetry"
category = "main"
optional = false
python-versions = ">=3.8"

[package.dependencies]
asgiref = ">=3.0,<4.0"
opentelemetry-api = ">=1.12,<2.0"
opentelemetry-instrumentation = "0.46b0"
opentelemetry-semantic-conventions = "0.46b0"
opentelemetry-util-http = "0.46b0"

[package.extras]
instruments = ["asgiref (>=3.0,<4.0)"]

[[package]]
name = "opentelemetry-instrumentation-dbapi"
version = "0.46b0"
description = "OpenTelemetry Database API instrumentation"
category = "main"
optional = false
python-versions = ">=3.8"

[package.dependencies]
opentelemetry-api = ">=1.12,<2.0"
opentelemetry-instrumentation = "0.46b0"
opentelemetry-semantic-conventions = "0.46b0"
wrapt = ">=1.0.0,<2.0.0"

[[package]]
name = "opentelemetry-instrumentation-fastapi"
version = "0.46b0"
description = "OpenTelemetry FastAPI Instrumentation"
category = "main"
optional = false
python-versions = ">=3.8"

[package.dependencies]
opentelemetry-api = ">=1.12,<2.0"
opentelemetry-instrumentation = "0.46b0"
opentelemetry-instrumentation-asgi = "0.46b0"
opentelemetry-semantic-conventions = "0.46b0"
opentelemetry-util-http = "0.46b0"

[package.extras]
instruments = ["fastapi (>=0.58,<1.0)"]

[[package]]
name = "opentelemetry-instrumentation-flask"
version = "0.46b0"
description = "Flask instrumentation for OpenTelemetry"
category = "main"
optional = false
python-versions = ">=3.8"

[package.dependencies]
importlib-metadata = ">=4.0"
opentelemetry-api = ">=1.12,<2.0"
opentelemetry-instrumentation = "0.46b0"
opentelemetry-instrumentation-wsgi = "0.46b0"
opentelemetry-semantic-conventions = "0.46b0"
opentelemetry-util-http = "0.46b0"
packaging = ">=21.0"

[package.extras]
instruments = ["flask (>=1.0)"]

[[package]]
name = "opentelemetry-instrumentation-httpx"
version = "0.46b0"
description = "OpenTelemetry HTTPX Instrumentation"
category = "main"
optional = false
python-versions = ">=3.8"

[package.dependencies]
opentelemetry-api = ">=1.12,<2.0"
opentelemetry-instrumentation = "0.46b0"
opentelemetry-semantic-conventions = "0.46b0"
opentelemetry-util-http = "0.46b0"

[package.extras]
instruments = ["httpx (>=0.18.0)"]

[[package]]
name = "opentelemetry-instrumentation-requests"
version = "0.46b0"
description = "OpenTelemetry requests instrumentation"
category = "main"
optional = false
python-versions = ">=3.8"

[package.dependencies]
opentelemetry-api = ">=1.12,<2.0"
opentelemetry-instrumentation = "0.46b0"
opentelemetry-semantic-conventions = "0.46b0"
opentelemetry-util-http = "0.46b0"

[package.extras]
instruments = ["requests (>=2.0,<3.0)"]

[[package]]
name = "opentelemetry-instrumentation-sqlalchemy"
version = "0.46b0"
description = "OpenTelemetry SQLAlchemy instrumentation"
category = "main"
optional = false
python-versions = ">=3.8"

[package.dependencies]
opentelemetry-api = ">=1.12,<2.0"
opentelemetry-instrumentation = "0.46b0"
opentelemetry-semantic-conventions = "0.46b0"
packaging = ">=21.0"
wrapt = ">=1.11.2"

[package.extras]
instruments = ["sqlalchemy"]

[[package]]
name = "opentelemetry-instrumentation-sqlite3"
version = "0.46b0"
description = "OpenTelemetry SQLite3 instrumentation"
category = "main"
optional = false
python-versions = ">=3.8"

[package.dependencies]
opentelemetry-api = ">=1.12,<2.0"
opentelemetry-instrumentation = "0.46b0"
opentelemetry-instrumentation-dbapi = "0.46b0"

[[package]]
name = "opentelemetry-instrumentation-wsgi"
version = "0.46b0"
description = "WSGI Middleware for OpenTelemetry"
category = "main"
optional = false
python-versions = ">=3.8"

[package.dependencies]
opentelemetry-api = ">=1.12,<2.0"
opentelemetry-instrumentation = "0.46b0"
opentelemetry-semantic-conventions = "0.46b0"
opentelemetry-util-http = "0.46b0"

[[package]]
name = "opentelemetry-proto"
version = "1.25.0"
description = "OpenTelemetry Python Proto"
category = "main"
optional = false
python-versions = ">=3.8"

[package.dependencies]
protobuf = ">=3.19,<5.0"

[[package]]
name = "opentelemetry-sdk"
version = "1.25.0"
description = "OpenTelemetry Python SDK"
category = "main"
optional = false
python-versions = ">=3.8"

[package.dependencies]
opentelemetry-api = "1.25.0"
opentelemetry-semantic-conventions = "0.46b0"
typing-extensions = ">=3.7.4"

[[package]]
name = "opentelemetry-semantic-conventions"
version = "0.46b0"
description = "OpenTelemetry Semantic Conventions"
category = "main"
optional = false
python-versions = ">=3.8"

[package.dependencies]
opentelemetry-api = "1.25.0"

[[package]]
name = "opentelemetry-util-http"
version = "0.46b0"
description = "Web util for OpenTelemetry"
category = "main"
optional = false
python-versions = ">=3.8"

[[package]]
name = "orjson"
version = "3.10.4"
description = "Fast, correct Python JSON library supporting dataclasses, datetimes, and numpy"
category = "dev"
optional = false
python-versions = ">=3.8"

[[package]]
name = "packaging"
version = "24.1"
description = "Core utilities for Python packages"
category = "main"
optional = false
python-versions = ">=3.8"

[[package]]
name = "protobuf"
version = "4.25.3"
description = ""
category = "main"
optional = false
python-versions = ">=3.8"

[[package]]
name = "pydantic"
version = "2.7.3"
description = "Data validation using Python type hints"
category = "dev"
optional = false
python-versions = ">=3.8"

[package.dependencies]
annotated-types = ">=0.4.0"
pydantic-core = "2.18.4"
typing-extensions = ">=4.6.1"

[package.extras]
email = ["email-validator (>=2.0.0)"]

[[package]]
name = "pydantic-core"
version = "2.18.4"
description = "Core functionality for Pydantic validation and serialization"
category = "dev"
optional = false
python-versions = ">=3.8"

[package.dependencies]
typing-extensions = ">=4.6.0,<4.7.0 || >4.7.0"

[[package]]
name = "pygments"
version = "2.18.0"
description = "Pygments is a syntax highlighting package written in Python."
category = "dev"
optional = false
python-versions = ">=3.8"

[package.extras]
windows-terminal = ["colorama (>=0.4.6)"]

[[package]]
name = "python-dotenv"
version = "1.0.1"
description = "Read key-value pairs from a .env file and set them as environment variables"
category = "main"
optional = false
python-versions = ">=3.8"

[package.extras]
cli = ["click (>=5.0)"]

[[package]]
name = "python-multipart"
version = "0.0.9"
description = "A streaming multipart parser for Python"
category = "dev"
optional = false
python-versions = ">=3.8"

[package.extras]
dev = ["atomicwrites (==1.4.1)", "attrs (==23.2.0)", "coverage (==7.4.1)", "hatch", "invoke (==2.2.0)", "more-itertools (==10.2.0)", "pbr (==6.0.0)", "pluggy (==1.4.0)", "py (==1.11.0)", "pytest-cov (==4.1.0)", "pytest-timeout (==2.2.0)", "pytest (==8.0.0)", "pyyaml (==6.0.1)", "ruff (==0.2.1)"]

[[package]]
name = "pyyaml"
version = "6.0.1"
description = "YAML parser and emitter for Python"
category = "dev"
optional = false
python-versions = ">=3.6"

[[package]]
name = "requests"
version = "2.32.3"
description = "Python HTTP for Humans."
category = "main"
optional = false
python-versions = ">=3.8"

[package.dependencies]
certifi = ">=2017.4.17"
charset-normalizer = ">=2,<4"
idna = ">=2.5,<4"
urllib3 = ">=1.21.1,<3"

[package.extras]
socks = ["PySocks (>=1.5.6,!=1.5.7)"]
use-chardet-on-py3 = ["chardet (>=3.0.2,<6)"]

[[package]]
name = "rich"
version = "13.7.1"
description = "Render rich text, tables, progress bars, syntax highlighting, markdown and more to the terminal"
category = "dev"
optional = false
python-versions = ">=3.7.0"

[package.dependencies]
markdown-it-py = ">=2.2.0"
pygments = ">=2.13.0,<3.0.0"

[package.extras]
jupyter = ["ipywidgets (>=7.5.1,<9)"]

[[package]]
name = "shellingham"
version = "1.5.4"
description = "Tool to Detect Surrounding Shell"
category = "dev"
optional = false
python-versions = ">=3.7"

[[package]]
name = "sniffio"
version = "1.3.1"
description = "Sniff out which async library your code is running under"
category = "dev"
optional = false
python-versions = ">=3.7"

[[package]]
name = "sqlalchemy"
version = "2.0.30"
description = "Database Abstraction Library"
category = "main"
optional = false
python-versions = ">=3.7"

[package.dependencies]
greenlet = {version = "!=0.4.17", markers = "platform_machine == \"aarch64\" or platform_machine == \"ppc64le\" or platform_machine == \"x86_64\" or platform_machine == \"amd64\" or platform_machine == \"AMD64\" or platform_machine == \"win32\" or platform_machine == \"WIN32\""}
typing-extensions = ">=4.6.0"

[package.extras]
asyncio = ["greenlet (!=0.4.17)"]
mypy = ["mypy (>=0.910)"]
mssql = ["pyodbc"]
mssql-pymssql = ["pymssql"]
mssql-pyodbc = ["pyodbc"]
mysql = ["mysqlclient (>=1.4.0)"]
mysql-connector = ["mysql-connector-python"]
mariadb-connector = ["mariadb (>=1.0.1,!=1.1.2,!=1.1.5)"]
oracle = ["cx_oracle (>=8)"]
oracle-oracledb = ["oracledb (>=1.0.1)"]
postgresql = ["psycopg2 (>=2.7)"]
postgresql-pg8000 = ["pg8000 (>=1.29.1)"]
postgresql-asyncpg = ["greenlet (!=0.4.17)", "asyncpg"]
postgresql-psycopg2binary = ["psycopg2-binary"]
postgresql-psycopg2cffi = ["psycopg2cffi"]
postgresql-psycopg = ["psycopg (>=3.0.7)"]
postgresql-psycopgbinary = ["psycopg[binary] (>=3.0.7)"]
pymysql = ["pymysql"]
aiomysql = ["greenlet (!=0.4.17)", "aiomysql (>=0.2.0)"]
aioodbc = ["greenlet (!=0.4.17)", "aioodbc"]
asyncmy = ["greenlet (!=0.4.17)", "asyncmy (>=0.2.3,!=0.2.4,!=0.2.6)"]
aiosqlite = ["greenlet (!=0.4.17)", "aiosqlite", "typing_extensions (!=3.10.0.1)"]
sqlcipher = ["sqlcipher3-binary"]

[[package]]
name = "starlette"
version = "0.37.2"
description = "The little ASGI library that shines."
category = "dev"
optional = false
python-versions = ">=3.8"

[package.dependencies]
anyio = ">=3.4.0,<5"
typing-extensions = {version = ">=3.10.0", markers = "python_version < \"3.10\""}

[package.extras]
full = ["httpx (>=0.22.0)", "itsdangerous", "jinja2", "python-multipart (>=0.0.7)", "pyyaml"]

[[package]]
name = "typer"
version = "0.12.3"
description = "Typer, build great CLIs. Easy to code. Based on Python type hints."
category = "dev"
optional = false
python-versions = ">=3.7"

[package.dependencies]
click = ">=8.0.0"
rich = ">=10.11.0"
shellingham = ">=1.3.0"
typing-extensions = ">=3.7.4.3"

[[package]]
name = "typing-extensions"
version = "4.12.2"
description = "Backported and Experimental Type Hints for Python 3.8+"
category = "main"
optional = false
python-versions = ">=3.8"

[[package]]
name = "ujson"
version = "5.10.0"
description = "Ultra fast JSON encoder and decoder for Python"
category = "dev"
optional = false
python-versions = ">=3.8"

[[package]]
name = "urllib3"
version = "2.2.1"
description = "HTTP library with thread-safe connection pooling, file post, and more."
category = "main"
optional = false
python-versions = ">=3.8"

[package.extras]
brotli = ["brotli (>=1.0.9)", "brotlicffi (>=0.8.0)"]
h2 = ["h2 (>=4,<5)"]
socks = ["pysocks (>=1.5.6,!=1.5.7,<2.0)"]
zstd = ["zstandard (>=0.18.0)"]

[[package]]
name = "uvicorn"
version = "0.30.1"
description = "The lightning-fast ASGI server."
category = "dev"
optional = false
python-versions = ">=3.8"

[package.dependencies]
click = ">=7.0"
colorama = {version = ">=0.4", optional = true, markers = "sys_platform == \"win32\" and extra == \"standard\""}
h11 = ">=0.8"
httptools = {version = ">=0.5.0", optional = true, markers = "extra == \"standard\""}
python-dotenv = {version = ">=0.13", optional = true, markers = "extra == \"standard\""}
pyyaml = {version = ">=5.1", optional = true, markers = "extra == \"standard\""}
typing-extensions = {version = ">=4.0", markers = "python_version < \"3.11\""}
uvloop = {version = ">=0.14.0,<0.15.0 || >0.15.0,<0.15.1 || >0.15.1", optional = true, markers = "sys_platform != \"win32\" and sys_platform != \"cygwin\" and platform_python_implementation != \"PyPy\" and extra == \"standard\""}
watchfiles = {version = ">=0.13", optional = true, markers = "extra == \"standard\""}
websockets = {version = ">=10.4", optional = true, markers = "extra == \"standard\""}

[package.extras]
standard = ["colorama (>=0.4)", "httptools (>=0.5.0)", "python-dotenv (>=0.13)", "pyyaml (>=5.1)", "uvloop (>=0.14.0,!=0.15.0,!=0.15.1)", "watchfiles (>=0.13)", "websockets (>=10.4)"]

[[package]]
name = "uvloop"
version = "0.19.0"
description = "Fast implementation of asyncio event loop on top of libuv"
category = "dev"
optional = false
python-versions = ">=3.8.0"

[package.extras]
docs = ["Sphinx (>=4.1.2,<4.2.0)", "sphinxcontrib-asyncio (>=0.3.0,<0.4.0)", "sphinx-rtd-theme (>=0.5.2,<0.6.0)"]
test = ["flake8 (>=5.0,<6.0)", "psutil", "pycodestyle (>=2.9.0,<2.10.0)", "pyOpenSSL (>=23.0.0,<23.1.0)", "mypy (>=0.800)", "Cython (>=0.29.36,<0.30.0)", "aiohttp (>=3.8.1)", "aiohttp (==3.9.0b0)"]

[[package]]
name = "watchfiles"
version = "0.22.0"
description = "Simple, modern and high performance file watching and code reload in python."
category = "dev"
optional = false
python-versions = ">=3.8"

[package.dependencies]
anyio = ">=3.0.0"

[[package]]
name = "websockets"
version = "12.0"
description = "An implementation of the WebSocket Protocol (RFC 6455 & 7692)"
category = "dev"
optional = false
python-versions = ">=3.8"

[[package]]
name = "wrapt"
version = "1.16.0"
description = "Module for decorators, wrappers and monkey patching."
category = "main"
optional = false
python-versions = ">=3.6"

[[package]]
name = "zipp"
version = "3.19.2"
description = "Backport of pathlib-compatible object wrapper for zip files"
category = "main"
optional = false
python-versions = ">=3.8"

[package.extras]
doc = ["sphinx (>=3.5)", "jaraco.packaging (>=9.3)", "rst.linker (>=1.9)", "furo", "sphinx-lint", "jaraco.tidelift (>=1.4)"]
test = ["pytest (>=6,<8.1.0 || >=8.2.0)", "pytest-checkdocs (>=2.4)", "pytest-cov", "pytest-mypy", "pytest-enabler (>=2.2)", "pytest-ruff (>=0.2.1)", "jaraco.itertools", "jaraco.functools", "more-itertools", "big-o", "pytest-ignore-flaky", "jaraco.test", "importlib-resources"]

[metadata]
lock-version = "1.1"
python-versions = "^3.9"
content-hash = "ee2f12a4009d4a92eeabd7ed9468f0c23928c10470b64d9f1d761d3572f46d33"

[metadata.files]
annotated-types = []
anyio = []
asgiref = []
certifi = []
charset-normalizer = []
click = []
colorama = []
deprecated = []
dnspython = []
email-validator = []
exceptiongroup = []
fastapi = []
fastapi-cli = []
googleapis-common-protos = []
greenlet = []
grpcio = []
h11 = []
httpcore = []
httptools = []
httpx = []
idna = []
importlib-metadata = []
jinja2 = []
markdown-it-py = []
markupsafe = []
mdurl = []
opentelemetry-api = []
opentelemetry-exporter-otlp = []
opentelemetry-exporter-otlp-proto-common = []
opentelemetry-exporter-otlp-proto-grpc = []
opentelemetry-exporter-otlp-proto-http = []
opentelemetry-instrumentation = []
opentelemetry-instrumentation-asgi = []
opentelemetry-instrumentation-dbapi = []
opentelemetry-instrumentation-fastapi = []
opentelemetry-instrumentation-flask = []
opentelemetry-instrumentation-httpx = []
opentelemetry-instrumentation-requests = []
opentelemetry-instrumentation-sqlalchemy = []
opentelemetry-instrumentation-sqlite3 = []
opentelemetry-instrumentation-wsgi = []
opentelemetry-proto = []
opentelemetry-sdk = []
opentelemetry-semantic-conventions = []
opentelemetry-util-http = []
orjson = []
packaging = []
protobuf = []
pydantic = []
pydantic-core = []
pygments = []
python-dotenv = []
python-multipart = []
pyyaml = []
requests = []
rich = []
shellingham = []
sniffio = []
sqlalchemy = []
starlette = []
typer = []
typing-extensions = []
ujson = []
urllib3 = []
uvicorn = []
uvloop = []
watchfiles = []
websockets = []
wrapt = []
zipp = []
